// !$*UTF8*$!
{
	archiveVersion = 1;
	classes = {
	};
	objectVersion = 50;
	objects = {

/* Begin PBXBuildFile section */
		23D6A49625120E7A007C8638 /* AppDelegate.swift in Sources */ = {isa = PBXBuildFile; fileRef = 23D6A49525120E7A007C8638 /* AppDelegate.swift */; };
		23D6A49825120E7A007C8638 /* SceneDelegate.swift in Sources */ = {isa = PBXBuildFile; fileRef = 23D6A49725120E7A007C8638 /* SceneDelegate.swift */; };
		23D6A49A25120E7A007C8638 /* ViewController.swift in Sources */ = {isa = PBXBuildFile; fileRef = 23D6A49925120E7A007C8638 /* ViewController.swift */; };
		23D6A49F25120E7B007C8638 /* Assets.xcassets in Resources */ = {isa = PBXBuildFile; fileRef = 23D6A49E25120E7B007C8638 /* Assets.xcassets */; };
		23D6A4A225120E7B007C8638 /* LaunchScreen.storyboard in Resources */ = {isa = PBXBuildFile; fileRef = 23D6A4A025120E7B007C8638 /* LaunchScreen.storyboard */; };
		23D6A4AD25120F0C007C8638 /* BasicValueCell.swift in Sources */ = {isa = PBXBuildFile; fileRef = 23D6A4AC25120F0C007C8638 /* BasicValueCell.swift */; };
		23D6A4B025121293007C8638 /* configure.swift in Sources */ = {isa = PBXBuildFile; fileRef = 23D6A4AF25121293007C8638 /* configure.swift */; };
		23D6A4C52512483D007C8638 /* CollectionReusableView.swift in Sources */ = {isa = PBXBuildFile; fileRef = 23D6A4C42512483D007C8638 /* CollectionReusableView.swift */; };
/* End PBXBuildFile section */

/* Begin PBXFileReference section */
		23D6A49225120E7A007C8638 /* CollectionPlayground.app */ = {isa = PBXFileReference; explicitFileType = wrapper.application; includeInIndex = 0; path = CollectionPlayground.app; sourceTree = BUILT_PRODUCTS_DIR; };
		23D6A49525120E7A007C8638 /* AppDelegate.swift */ = {isa = PBXFileReference; lastKnownFileType = sourcecode.swift; path = AppDelegate.swift; sourceTree = "<group>"; };
		23D6A49725120E7A007C8638 /* SceneDelegate.swift */ = {isa = PBXFileReference; lastKnownFileType = sourcecode.swift; path = SceneDelegate.swift; sourceTree = "<group>"; };
		23D6A49925120E7A007C8638 /* ViewController.swift */ = {isa = PBXFileReference; lastKnownFileType = sourcecode.swift; path = ViewController.swift; sourceTree = "<group>"; };
		23D6A49E25120E7B007C8638 /* Assets.xcassets */ = {isa = PBXFileReference; lastKnownFileType = folder.assetcatalog; path = Assets.xcassets; sourceTree = "<group>"; };
		23D6A4A125120E7B007C8638 /* Base */ = {isa = PBXFileReference; lastKnownFileType = file.storyboard; name = Base; path = Base.lproj/LaunchScreen.storyboard; sourceTree = "<group>"; };
		23D6A4A325120E7B007C8638 /* Info.plist */ = {isa = PBXFileReference; lastKnownFileType = text.plist.xml; path = Info.plist; sourceTree = "<group>"; };
		23D6A4AC25120F0C007C8638 /* BasicValueCell.swift */ = {isa = PBXFileReference; lastKnownFileType = sourcecode.swift; path = BasicValueCell.swift; sourceTree = "<group>"; };
		23D6A4AF25121293007C8638 /* configure.swift */ = {isa = PBXFileReference; fileEncoding = 4; lastKnownFileType = sourcecode.swift; path = configure.swift; sourceTree = "<group>"; };
		23D6A4C42512483D007C8638 /* CollectionReusableView.swift */ = {isa = PBXFileReference; lastKnownFileType = sourcecode.swift; path = CollectionReusableView.swift; sourceTree = "<group>"; };
/* End PBXFileReference section */

/* Begin PBXFrameworksBuildPhase section */
		23D6A48F25120E7A007C8638 /* Frameworks */ = {
			isa = PBXFrameworksBuildPhase;
			buildActionMask = 2147483647;
			files = (
			);
			runOnlyForDeploymentPostprocessing = 0;
		};
/* End PBXFrameworksBuildPhase section */

/* Begin PBXGroup section */
		23D6A48925120E7A007C8638 = {
			isa = PBXGroup;
			children = (
				23D6A49425120E7A007C8638 /* CollectionPlayground */,
				23D6A49325120E7A007C8638 /* Products */,
			);
			sourceTree = "<group>";
		};
		23D6A49325120E7A007C8638 /* Products */ = {
			isa = PBXGroup;
			children = (
				23D6A49225120E7A007C8638 /* CollectionPlayground.app */,
			);
			name = Products;
			sourceTree = "<group>";
		};
		23D6A49425120E7A007C8638 /* CollectionPlayground */ = {
			isa = PBXGroup;
			children = (
				23D6A4AC25120F0C007C8638 /* BasicValueCell.swift */,
				23D6A49925120E7A007C8638 /* ViewController.swift */,
				23D6A4C825124A1A007C8638 /* Supporting Files */,
			);
			path = CollectionPlayground;
			sourceTree = "<group>";
		};
		23D6A4C825124A1A007C8638 /* Supporting Files */ = {
			isa = PBXGroup;
			children = (
				23D6A4A325120E7B007C8638 /* Info.plist */,
				23D6A49525120E7A007C8638 /* AppDelegate.swift */,
				23D6A4C42512483D007C8638 /* CollectionReusableView.swift */,
				23D6A4AF25121293007C8638 /* configure.swift */,
				23D6A49725120E7A007C8638 /* SceneDelegate.swift */,
				23D6A49E25120E7B007C8638 /* Assets.xcassets */,
				23D6A4A025120E7B007C8638 /* LaunchScreen.storyboard */,
			);
			name = "Supporting Files";
			sourceTree = "<group>";
		};
/* End PBXGroup section */

/* Begin PBXNativeTarget section */
		23D6A49125120E7A007C8638 /* CollectionPlayground */ = {
			isa = PBXNativeTarget;
			buildConfigurationList = 23D6A4A625120E7B007C8638 /* Build configuration list for PBXNativeTarget "CollectionPlayground" */;
			buildPhases = (
				23D6A48E25120E7A007C8638 /* Sources */,
				23D6A48F25120E7A007C8638 /* Frameworks */,
				23D6A49025120E7A007C8638 /* Resources */,
			);
			buildRules = (
			);
			dependencies = (
			);
			name = CollectionPlayground;
			productName = CollectionPlayground;
			productReference = 23D6A49225120E7A007C8638 /* CollectionPlayground.app */;
			productType = "com.apple.product-type.application";
		};
/* End PBXNativeTarget section */

/* Begin PBXProject section */
		23D6A48A25120E7A007C8638 /* Project object */ = {
			isa = PBXProject;
			attributes = {
				LastSwiftUpdateCheck = 1200;
				LastUpgradeCheck = 1200;
				TargetAttributes = {
					23D6A49125120E7A007C8638 = {
						CreatedOnToolsVersion = 12.0;
					};
				};
			};
			buildConfigurationList = 23D6A48D25120E7A007C8638 /* Build configuration list for PBXProject "CollectionPlayground" */;
			compatibilityVersion = "Xcode 9.3";
			developmentRegion = en;
			hasScannedForEncodings = 0;
			knownRegions = (
				en,
				Base,
			);
			mainGroup = 23D6A48925120E7A007C8638;
			productRefGroup = 23D6A49325120E7A007C8638 /* Products */;
			projectDirPath = "";
			projectRoot = "";
			targets = (
				23D6A49125120E7A007C8638 /* CollectionPlayground */,
			);
		};
/* End PBXProject section */

/* Begin PBXResourcesBuildPhase section */
		23D6A49025120E7A007C8638 /* Resources */ = {
			isa = PBXResourcesBuildPhase;
			buildActionMask = 2147483647;
			files = (
				23D6A4A225120E7B007C8638 /* LaunchScreen.storyboard in Resources */,
				23D6A49F25120E7B007C8638 /* Assets.xcassets in Resources */,
			);
			runOnlyForDeploymentPostprocessing = 0;
		};
/* End PBXResourcesBuildPhase section */

/* Begin PBXSourcesBuildPhase section */
		23D6A48E25120E7A007C8638 /* Sources */ = {
			isa = PBXSourcesBuildPhase;
			buildActionMask = 2147483647;
			files = (
				23D6A4C52512483D007C8638 /* CollectionReusableView.swift in Sources */,
				23D6A49A25120E7A007C8638 /* ViewController.swift in Sources */,
				23D6A49625120E7A007C8638 /* AppDelegate.swift in Sources */,
				23D6A4B025121293007C8638 /* configure.swift in Sources */,
				23D6A49825120E7A007C8638 /* SceneDelegate.swift in Sources */,
				23D6A4AD25120F0C007C8638 /* BasicValueCell.swift in Sources */,
			);
			runOnlyForDeploymentPostprocessing = 0;
		};
/* End PBXSourcesBuildPhase section */

/* Begin PBXVariantGroup section */
		23D6A4A025120E7B007C8638 /* LaunchScreen.storyboard */ = {
			isa = PBXVariantGroup;
			children = (
				23D6A4A125120E7B007C8638 /* Base */,
			);
			name = LaunchScreen.storyboard;
			sourceTree = "<group>";
		};
/* End PBXVariantGroup section */

/* Begin XCBuildConfiguration section */
		23D6A4A425120E7B007C8638 /* Debug */ = {
			isa = XCBuildConfiguration;
			buildSettings = {
				ALWAYS_SEARCH_USER_PATHS = NO;
				CLANG_ANALYZER_NONNULL = YES;
				CLANG_ANALYZER_NUMBER_OBJECT_CONVERSION = YES_AGGRESSIVE;
				CLANG_CXX_LANGUAGE_STANDARD = "gnu++14";
				CLANG_CXX_LIBRARY = "libc++";
				CLANG_ENABLE_MODULES = YES;
				CLANG_ENABLE_OBJC_ARC = YES;
				CLANG_ENABLE_OBJC_WEAK = YES;
				CLANG_WARN_BLOCK_CAPTURE_AUTORELEASING = YES;
				CLANG_WARN_BOOL_CONVERSION = YES;
				CLANG_WARN_COMMA = YES;
				CLANG_WARN_CONSTANT_CONVERSION = YES;
				CLANG_WARN_DEPRECATED_OBJC_IMPLEMENTATIONS = YES;
				CLANG_WARN_DIRECT_OBJC_ISA_USAGE = YES_ERROR;
				CLANG_WARN_DOCUMENTATION_COMMENTS = YES;
				CLANG_WARN_EMPTY_BODY = YES;
				CLANG_WARN_ENUM_CONVERSION = YES;
				CLANG_WARN_INFINITE_RECURSION = YES;
				CLANG_WARN_INT_CONVERSION = YES;
				CLANG_WARN_NON_LITERAL_NULL_CONVERSION = YES;
				CLANG_WARN_OBJC_IMPLICIT_RETAIN_SELF = YES;
				CLANG_WARN_OBJC_LITERAL_CONVERSION = YES;
				CLANG_WARN_OBJC_ROOT_CLASS = YES_ERROR;
				CLANG_WARN_QUOTED_INCLUDE_IN_FRAMEWORK_HEADER = YES;
				CLANG_WARN_RANGE_LOOP_ANALYSIS = YES;
				CLANG_WARN_STRICT_PROTOTYPES = YES;
				CLANG_WARN_SUSPICIOUS_MOVE = YES;
				CLANG_WARN_UNGUARDED_AVAILABILITY = YES_AGGRESSIVE;
				CLANG_WARN_UNREACHABLE_CODE = YES;
				CLANG_WARN__DUPLICATE_METHOD_MATCH = YES;
				COPY_PHASE_STRIP = NO;
				DEBUG_INFORMATION_FORMAT = dwarf;
				ENABLE_STRICT_OBJC_MSGSEND = YES;
				ENABLE_TESTABILITY = YES;
				GCC_C_LANGUAGE_STANDARD = gnu11;
				GCC_DYNAMIC_NO_PIC = NO;
				GCC_NO_COMMON_BLOCKS = YES;
				GCC_OPTIMIZATION_LEVEL = 0;
				GCC_PREPROCESSOR_DEFINITIONS = (
					"DEBUG=1",
					"$(inherited)",
				);
				GCC_WARN_64_TO_32_BIT_CONVERSION = YES;
				GCC_WARN_ABOUT_RETURN_TYPE = YES_ERROR;
				GCC_WARN_UNDECLARED_SELECTOR = YES;
				GCC_WARN_UNINITIALIZED_AUTOS = YES_AGGRESSIVE;
				GCC_WARN_UNUSED_FUNCTION = YES;
				GCC_WARN_UNUSED_VARIABLE = YES;
				IPHONEOS_DEPLOYMENT_TARGET = 14.0;
				MTL_ENABLE_DEBUG_INFO = INCLUDE_SOURCE;
				MTL_FAST_MATH = YES;
				ONLY_ACTIVE_ARCH = YES;
				SDKROOT = iphoneos;
				SWIFT_ACTIVE_COMPILATION_CONDITIONS = DEBUG;
				SWIFT_OPTIMIZATION_LEVEL = "-Onone";
			};
			name = Debug;
		};
		23D6A4A525120E7B007C8638 /* Release */ = {
			isa = XCBuildConfiguration;
			buildSettings = {
				ALWAYS_SEARCH_USER_PATHS = NO;
				CLANG_ANALYZER_NONNULL = YES;
				CLANG_ANALYZER_NUMBER_OBJECT_CONVERSION = YES_AGGRESSIVE;
				CLANG_CXX_LANGUAGE_STANDARD = "gnu++14";
				CLANG_CXX_LIBRARY = "libc++";
				CLANG_ENABLE_MODULES = YES;
				CLANG_ENABLE_OBJC_ARC = YES;
				CLANG_ENABLE_OBJC_WEAK = YES;
				CLANG_WARN_BLOCK_CAPTURE_AUTORELEASING = YES;
				CLANG_WARN_BOOL_CONVERSION = YES;
				CLANG_WARN_COMMA = YES;
				CLANG_WARN_CONSTANT_CONVERSION = YES;
				CLANG_WARN_DEPRECATED_OBJC_IMPLEMENTATIONS = YES;
				CLANG_WARN_DIRECT_OBJC_ISA_USAGE = YES_ERROR;
				CLANG_WARN_DOCUMENTATION_COMMENTS = YES;
				CLANG_WARN_EMPTY_BODY = YES;
				CLANG_WARN_ENUM_CONVERSION = YES;
				CLANG_WARN_INFINITE_RECURSION = YES;
				CLANG_WARN_INT_CONVERSION = YES;
				CLANG_WARN_NON_LITERAL_NULL_CONVERSION = YES;
				CLANG_WARN_OBJC_IMPLICIT_RETAIN_SELF = YES;
				CLANG_WARN_OBJC_LITERAL_CONVERSION = YES;
				CLANG_WARN_OBJC_ROOT_CLASS = YES_ERROR;
				CLANG_WARN_QUOTED_INCLUDE_IN_FRAMEWORK_HEADER = YES;
				CLANG_WARN_RANGE_LOOP_ANALYSIS = YES;
				CLANG_WARN_STRICT_PROTOTYPES = YES;
				CLANG_WARN_SUSPICIOUS_MOVE = YES;
				CLANG_WARN_UNGUARDED_AVAILABILITY = YES_AGGRESSIVE;
				CLANG_WARN_UNREACHABLE_CODE = YES;
				CLANG_WARN__DUPLICATE_METHOD_MATCH = YES;
				COPY_PHASE_STRIP = NO;
				DEBUG_INFORMATION_FORMAT = "dwarf-with-dsym";
				ENABLE_NS_ASSERTIONS = NO;
				ENABLE_STRICT_OBJC_MSGSEND = YES;
				GCC_C_LANGUAGE_STANDARD = gnu11;
				GCC_NO_COMMON_BLOCKS = YES;
				GCC_WARN_64_TO_32_BIT_CONVERSION = YES;
				GCC_WARN_ABOUT_RETURN_TYPE = YES_ERROR;
				GCC_WARN_UNDECLARED_SELECTOR = YES;
				GCC_WARN_UNINITIALIZED_AUTOS = YES_AGGRESSIVE;
				GCC_WARN_UNUSED_FUNCTION = YES;
				GCC_WARN_UNUSED_VARIABLE = YES;
				IPHONEOS_DEPLOYMENT_TARGET = 14.0;
				MTL_ENABLE_DEBUG_INFO = NO;
				MTL_FAST_MATH = YES;
				SDKROOT = iphoneos;
				SWIFT_COMPILATION_MODE = wholemodule;
				SWIFT_OPTIMIZATION_LEVEL = "-O";
				VALIDATE_PRODUCT = YES;
			};
			name = Release;
		};
		23D6A4A725120E7B007C8638 /* Debug */ = {
			isa = XCBuildConfiguration;
			buildSettings = {
				ASSETCATALOG_COMPILER_APPICON_NAME = AppIcon;
				ASSETCATALOG_COMPILER_GLOBAL_ACCENT_COLOR_NAME = AccentColor;
				CODE_SIGN_STYLE = Automatic;
				DEVELOPMENT_TEAM = "";
				INFOPLIST_FILE = CollectionPlayground/Info.plist;
				IPHONEOS_DEPLOYMENT_TARGET = 14.0;
				LD_RUNPATH_SEARCH_PATHS = (
					"$(inherited)",
					"@executable_path/Frameworks",
				);
				PRODUCT_BUNDLE_IDENTIFIER = com.theoriginalbit.CollectionPlayground;
				PRODUCT_NAME = "$(TARGET_NAME)";
				SWIFT_VERSION = 5.0;
				TARGETED_DEVICE_FAMILY = "1,2";
			};
			name = Debug;
		};
		23D6A4A825120E7B007C8638 /* Release */ = {
			isa = XCBuildConfiguration;
			buildSettings = {
				ASSETCATALOG_COMPILER_APPICON_NAME = AppIcon;
				ASSETCATALOG_COMPILER_GLOBAL_ACCENT_COLOR_NAME = AccentColor;
				CODE_SIGN_STYLE = Automatic;
				DEVELOPMENT_TEAM = "";
				INFOPLIST_FILE = CollectionPlayground/Info.plist;
				IPHONEOS_DEPLOYMENT_TARGET = 14.0;
				LD_RUNPATH_SEARCH_PATHS = (
					"$(inherited)",
					"@executable_path/Frameworks",
				);
				PRODUCT_BUNDLE_IDENTIFIER = com.theoriginalbit.CollectionPlayground;
				PRODUCT_NAME = "$(TARGET_NAME)";
				SWIFT_VERSION = 5.0;
				TARGETED_DEVICE_FAMILY = "1,2";
			};
			name = Release;
		};
/* End XCBuildConfiguration section */

/* Begin XCConfigurationList section */
		23D6A48D25120E7A007C8638 /* Build configuration list for PBXProject "CollectionPlayground" */ = {
			isa = XCConfigurationList;
			buildConfigurations = (
				23D6A4A425120E7B007C8638 /* Debug */,
				23D6A4A525120E7B007C8638 /* Release */,
			);
			defaultConfigurationIsVisible = 0;
			defaultConfigurationName = Release;
		};
		23D6A4A625120E7B007C8638 /* Build configuration list for PBXNativeTarget "CollectionPlayground" */ = {
			isa = XCConfigurationList;
			buildConfigurations = (
				23D6A4A725120E7B007C8638 /* Debug */,
				23D6A4A825120E7B007C8638 /* Release */,
			);
			defaultConfigurationIsVisible = 0;
			defaultConfigurationName = Release;
		};
/* End XCConfigurationList section */
	};
	rootObject = 23D6A48A25120E7A007C8638 /* Project object */;
}
