// !$*UTF8*$!
{
	archiveVersion = 1;
	classes = {
	};
	objectVersion = 55;
	objects = {

/* Begin PBXBuildFile section */
		23E767C5273511640048EAD3 /* AppDelegate.swift in Sources */ = {isa = PBXBuildFile; fileRef = 23E767C4273511640048EAD3 /* AppDelegate.swift */; };
		23E767C7273511640048EAD3 /* SceneDelegate.swift in Sources */ = {isa = PBXBuildFile; fileRef = 23E767C6273511640048EAD3 /* SceneDelegate.swift */; };
		23E767C9273511640048EAD3 /* ViewController.swift in Sources */ = {isa = PBXBuildFile; fileRef = 23E767C8273511640048EAD3 /* ViewController.swift */; };
		23E767CC273511640048EAD3 /* Main.storyboard in Resources */ = {isa = PBXBuildFile; fileRef = 23E767CA273511640048EAD3 /* Main.storyboard */; };
		23E767CE273511640048EAD3 /* Assets.xcassets in Resources */ = {isa = PBXBuildFile; fileRef = 23E767CD273511640048EAD3 /* Assets.xcassets */; };
		23E767D1273511640048EAD3 /* LaunchScreen.storyboard in Resources */ = {isa = PBXBuildFile; fileRef = 23E767CF273511640048EAD3 /* LaunchScreen.storyboard */; };
		23E767DC273511650048EAD3 /* AppleMapsDirectionsTests.swift in Sources */ = {isa = PBXBuildFile; fileRef = 23E767DB273511650048EAD3 /* AppleMapsDirectionsTests.swift */; };
		23E767E6273511650048EAD3 /* AppleMapsDirectionsUITests.swift in Sources */ = {isa = PBXBuildFile; fileRef = 23E767E5273511650048EAD3 /* AppleMapsDirectionsUITests.swift */; };
		23E767E8273511650048EAD3 /* AppleMapsDirectionsUITestsLaunchTests.swift in Sources */ = {isa = PBXBuildFile; fileRef = 23E767E7273511650048EAD3 /* AppleMapsDirectionsUITestsLaunchTests.swift */; };
/* End PBXBuildFile section */

/* Begin PBXContainerItemProxy section */
		23E767D8273511650048EAD3 /* PBXContainerItemProxy */ = {
			isa = PBXContainerItemProxy;
			containerPortal = 23E767B9273511630048EAD3 /* Project object */;
			proxyType = 1;
			remoteGlobalIDString = 23E767C0273511630048EAD3;
			remoteInfo = AppleMapsDirections;
		};
		23E767E2273511650048EAD3 /* PBXContainerItemProxy */ = {
			isa = PBXContainerItemProxy;
			containerPortal = 23E767B9273511630048EAD3 /* Project object */;
			proxyType = 1;
			remoteGlobalIDString = 23E767C0273511630048EAD3;
			remoteInfo = AppleMapsDirections;
		};
/* End PBXContainerItemProxy section */

/* Begin PBXFileReference section */
		23E767C1273511640048EAD3 /* AppleMapsDirections.app */ = {isa = PBXFileReference; explicitFileType = wrapper.application; includeInIndex = 0; path = AppleMapsDirections.app; sourceTree = BUILT_PRODUCTS_DIR; };
		23E767C4273511640048EAD3 /* AppDelegate.swift */ = {isa = PBXFileReference; lastKnownFileType = sourcecode.swift; path = AppDelegate.swift; sourceTree = "<group>"; };
		23E767C6273511640048EAD3 /* SceneDelegate.swift */ = {isa = PBXFileReference; lastKnownFileType = sourcecode.swift; path = SceneDelegate.swift; sourceTree = "<group>"; };
		23E767C8273511640048EAD3 /* ViewController.swift */ = {isa = PBXFileReference; lastKnownFileType = sourcecode.swift; path = ViewController.swift; sourceTree = "<group>"; };
		23E767CB273511640048EAD3 /* Base */ = {isa = PBXFileReference; lastKnownFileType = file.storyboard; name = Base; path = Base.lproj/Main.storyboard; sourceTree = "<group>"; };
		23E767CD273511640048EAD3 /* Assets.xcassets */ = {isa = PBXFileReference; lastKnownFileType = folder.assetcatalog; path = Assets.xcassets; sourceTree = "<group>"; };
		23E767D0273511640048EAD3 /* Base */ = {isa = PBXFileReference; lastKnownFileType = file.storyboard; name = Base; path = Base.lproj/LaunchScreen.storyboard; sourceTree = "<group>"; };
		23E767D2273511640048EAD3 /* Info.plist */ = {isa = PBXFileReference; lastKnownFileType = text.plist.xml; path = Info.plist; sourceTree = "<group>"; };
		23E767D7273511650048EAD3 /* AppleMapsDirectionsTests.xctest */ = {isa = PBXFileReference; explicitFileType = wrapper.cfbundle; includeInIndex = 0; path = AppleMapsDirectionsTests.xctest; sourceTree = BUILT_PRODUCTS_DIR; };
		23E767DB273511650048EAD3 /* AppleMapsDirectionsTests.swift */ = {isa = PBXFileReference; lastKnownFileType = sourcecode.swift; path = AppleMapsDirectionsTests.swift; sourceTree = "<group>"; };
		23E767E1273511650048EAD3 /* AppleMapsDirectionsUITests.xctest */ = {isa = PBXFileReference; explicitFileType = wrapper.cfbundle; includeInIndex = 0; path = AppleMapsDirectionsUITests.xctest; sourceTree = BUILT_PRODUCTS_DIR; };
		23E767E5273511650048EAD3 /* AppleMapsDirectionsUITests.swift */ = {isa = PBXFileReference; lastKnownFileType = sourcecode.swift; path = AppleMapsDirectionsUITests.swift; sourceTree = "<group>"; };
		23E767E7273511650048EAD3 /* AppleMapsDirectionsUITestsLaunchTests.swift */ = {isa = PBXFileReference; lastKnownFileType = sourcecode.swift; path = AppleMapsDirectionsUITestsLaunchTests.swift; sourceTree = "<group>"; };
/* End PBXFileReference section */

/* Begin PBXFrameworksBuildPhase section */
		23E767BE273511630048EAD3 /* Frameworks */ = {
			isa = PBXFrameworksBuildPhase;
			buildActionMask = 2147483647;
			files = (
			);
			runOnlyForDeploymentPostprocessing = 0;
		};
		23E767D4273511650048EAD3 /* Frameworks */ = {
			isa = PBXFrameworksBuildPhase;
			buildActionMask = 2147483647;
			files = (
			);
			runOnlyForDeploymentPostprocessing = 0;
		};
		23E767DE273511650048EAD3 /* Frameworks */ = {
			isa = PBXFrameworksBuildPhase;
			buildActionMask = 2147483647;
			files = (
			);
			runOnlyForDeploymentPostprocessing = 0;
		};
/* End PBXFrameworksBuildPhase section */

/* Begin PBXGroup section */
		23E767B8273511630048EAD3 = {
			isa = PBXGroup;
			children = (
				23E767C3273511640048EAD3 /* AppleMapsDirections */,
				23E767DA273511650048EAD3 /* AppleMapsDirectionsTests */,
				23E767E4273511650048EAD3 /* AppleMapsDirectionsUITests */,
				23E767C2273511640048EAD3 /* Products */,
			);
			sourceTree = "<group>";
		};
		23E767C2273511640048EAD3 /* Products */ = {
			isa = PBXGroup;
			children = (
				23E767C1273511640048EAD3 /* AppleMapsDirections.app */,
				23E767D7273511650048EAD3 /* AppleMapsDirectionsTests.xctest */,
				23E767E1273511650048EAD3 /* AppleMapsDirectionsUITests.xctest */,
			);
			name = Products;
			sourceTree = "<group>";
		};
		23E767C3273511640048EAD3 /* AppleMapsDirections */ = {
			isa = PBXGroup;
			children = (
				23E767C4273511640048EAD3 /* AppDelegate.swift */,
				23E767C6273511640048EAD3 /* SceneDelegate.swift */,
				23E767C8273511640048EAD3 /* ViewController.swift */,
				23E767CA273511640048EAD3 /* Main.storyboard */,
				23E767CD273511640048EAD3 /* Assets.xcassets */,
				23E767CF273511640048EAD3 /* LaunchScreen.storyboard */,
				23E767D2273511640048EAD3 /* Info.plist */,
			);
			path = AppleMapsDirections;
			sourceTree = "<group>";
		};
		23E767DA273511650048EAD3 /* AppleMapsDirectionsTests */ = {
			isa = PBXGroup;
			children = (
				23E767DB273511650048EAD3 /* AppleMapsDirectionsTests.swift */,
			);
			path = AppleMapsDirectionsTests;
			sourceTree = "<group>";
		};
		23E767E4273511650048EAD3 /* AppleMapsDirectionsUITests */ = {
			isa = PBXGroup;
			children = (
				23E767E5273511650048EAD3 /* AppleMapsDirectionsUITests.swift */,
				23E767E7273511650048EAD3 /* AppleMapsDirectionsUITestsLaunchTests.swift */,
			);
			path = AppleMapsDirectionsUITests;
			sourceTree = "<group>";
		};
/* End PBXGroup section */

/* Begin PBXNativeTarget section */
		23E767C0273511630048EAD3 /* AppleMapsDirections */ = {
			isa = PBXNativeTarget;
			buildConfigurationList = 23E767EB273511650048EAD3 /* Build configuration list for PBXNativeTarget "AppleMapsDirections" */;
			buildPhases = (
				23E767BD273511630048EAD3 /* Sources */,
				23E767BE273511630048EAD3 /* Frameworks */,
				23E767BF273511630048EAD3 /* Resources */,
			);
			buildRules = (
			);
			dependencies = (
			);
			name = AppleMapsDirections;
			productName = AppleMapsDirections;
			productReference = 23E767C1273511640048EAD3 /* AppleMapsDirections.app */;
			productType = "com.apple.product-type.application";
		};
		23E767D6273511650048EAD3 /* AppleMapsDirectionsTests */ = {
			isa = PBXNativeTarget;
			buildConfigurationList = 23E767EE273511650048EAD3 /* Build configuration list for PBXNativeTarget "AppleMapsDirectionsTests" */;
			buildPhases = (
				23E767D3273511650048EAD3 /* Sources */,
				23E767D4273511650048EAD3 /* Frameworks */,
				23E767D5273511650048EAD3 /* Resources */,
			);
			buildRules = (
			);
			dependencies = (
				23E767D9273511650048EAD3 /* PBXTargetDependency */,
			);
			name = AppleMapsDirectionsTests;
			productName = AppleMapsDirectionsTests;
			productReference = 23E767D7273511650048EAD3 /* AppleMapsDirectionsTests.xctest */;
			productType = "com.apple.product-type.bundle.unit-test";
		};
		23E767E0273511650048EAD3 /* AppleMapsDirectionsUITests */ = {
			isa = PBXNativeTarget;
			buildConfigurationList = 23E767F1273511650048EAD3 /* Build configuration list for PBXNativeTarget "AppleMapsDirectionsUITests" */;
			buildPhases = (
				23E767DD273511650048EAD3 /* Sources */,
				23E767DE273511650048EAD3 /* Frameworks */,
				23E767DF273511650048EAD3 /* Resources */,
			);
			buildRules = (
			);
			dependencies = (
				23E767E3273511650048EAD3 /* PBXTargetDependency */,
			);
			name = AppleMapsDirectionsUITests;
			productName = AppleMapsDirectionsUITests;
			productReference = 23E767E1273511650048EAD3 /* AppleMapsDirectionsUITests.xctest */;
			productType = "com.apple.product-type.bundle.ui-testing";
		};
/* End PBXNativeTarget section */

/* Begin PBXProject section */
		23E767B9273511630048EAD3 /* Project object */ = {
			isa = PBXProject;
			attributes = {
				BuildIndependentTargetsInParallel = 1;
				LastSwiftUpdateCheck = 1310;
				LastUpgradeCheck = 1310;
				TargetAttributes = {
					23E767C0273511630048EAD3 = {
						CreatedOnToolsVersion = 13.1;
					};
					23E767D6273511650048EAD3 = {
						CreatedOnToolsVersion = 13.1;
						TestTargetID = 23E767C0273511630048EAD3;
					};
					23E767E0273511650048EAD3 = {
						CreatedOnToolsVersion = 13.1;
						TestTargetID = 23E767C0273511630048EAD3;
					};
				};
			};
			buildConfigurationList = 23E767BC273511630048EAD3 /* Build configuration list for PBXProject "AppleMapsDirections" */;
			compatibilityVersion = "Xcode 13.0";
			developmentRegion = en;
			hasScannedForEncodings = 0;
			knownRegions = (
				en,
				Base,
			);
			mainGroup = 23E767B8273511630048EAD3;
			productRefGroup = 23E767C2273511640048EAD3 /* Products */;
			projectDirPath = "";
			projectRoot = "";
			targets = (
				23E767C0273511630048EAD3 /* AppleMapsDirections */,
				23E767D6273511650048EAD3 /* AppleMapsDirectionsTests */,
				23E767E0273511650048EAD3 /* AppleMapsDirectionsUITests */,
			);
		};
/* End PBXProject section */

/* Begin PBXResourcesBuildPhase section */
		23E767BF273511630048EAD3 /* Resources */ = {
			isa = PBXResourcesBuildPhase;
			buildActionMask = 2147483647;
			files = (
				23E767D1273511640048EAD3 /* LaunchScreen.storyboard in Resources */,
				23E767CE273511640048EAD3 /* Assets.xcassets in Resources */,
				23E767CC273511640048EAD3 /* Main.storyboard in Resources */,
			);
			runOnlyForDeploymentPostprocessing = 0;
		};
		23E767D5273511650048EAD3 /* Resources */ = {
			isa = PBXResourcesBuildPhase;
			buildActionMask = 2147483647;
			files = (
			);
			runOnlyForDeploymentPostprocessing = 0;
		};
		23E767DF273511650048EAD3 /* Resources */ = {
			isa = PBXResourcesBuildPhase;
			buildActionMask = 2147483647;
			files = (
			);
			runOnlyForDeploymentPostprocessing = 0;
		};
/* End PBXResourcesBuildPhase section */

/* Begin PBXSourcesBuildPhase section */
		23E767BD273511630048EAD3 /* Sources */ = {
			isa = PBXSourcesBuildPhase;
			buildActionMask = 2147483647;
			files = (
				23E767C9273511640048EAD3 /* ViewController.swift in Sources */,
				23E767C5273511640048EAD3 /* AppDelegate.swift in Sources */,
				23E767C7273511640048EAD3 /* SceneDelegate.swift in Sources */,
			);
			runOnlyForDeploymentPostprocessing = 0;
		};
		23E767D3273511650048EAD3 /* Sources */ = {
			isa = PBXSourcesBuildPhase;
			buildActionMask = 2147483647;
			files = (
				23E767DC273511650048EAD3 /* AppleMapsDirectionsTests.swift in Sources */,
			);
			runOnlyForDeploymentPostprocessing = 0;
		};
		23E767DD273511650048EAD3 /* Sources */ = {
			isa = PBXSourcesBuildPhase;
			buildActionMask = 2147483647;
			files = (
				23E767E8273511650048EAD3 /* AppleMapsDirectionsUITestsLaunchTests.swift in Sources */,
				23E767E6273511650048EAD3 /* AppleMapsDirectionsUITests.swift in Sources */,
			);
			runOnlyForDeploymentPostprocessing = 0;
		};
/* End PBXSourcesBuildPhase section */

/* Begin PBXTargetDependency section */
		23E767D9273511650048EAD3 /* PBXTargetDependency */ = {
			isa = PBXTargetDependency;
			target = 23E767C0273511630048EAD3 /* AppleMapsDirections */;
			targetProxy = 23E767D8273511650048EAD3 /* PBXContainerItemProxy */;
		};
		23E767E3273511650048EAD3 /* PBXTargetDependency */ = {
			isa = PBXTargetDependency;
			target = 23E767C0273511630048EAD3 /* AppleMapsDirections */;
			targetProxy = 23E767E2273511650048EAD3 /* PBXContainerItemProxy */;
		};
/* End PBXTargetDependency section */

/* Begin PBXVariantGroup section */
		23E767CA273511640048EAD3 /* Main.storyboard */ = {
			isa = PBXVariantGroup;
			children = (
				23E767CB273511640048EAD3 /* Base */,
			);
			name = Main.storyboard;
			sourceTree = "<group>";
		};
		23E767CF273511640048EAD3 /* LaunchScreen.storyboard */ = {
			isa = PBXVariantGroup;
			children = (
				23E767D0273511640048EAD3 /* Base */,
			);
			name = LaunchScreen.storyboard;
			sourceTree = "<group>";
		};
/* End PBXVariantGroup section */

/* Begin XCBuildConfiguration section */
		23E767E9273511650048EAD3 /* Debug */ = {
			isa = XCBuildConfiguration;
			buildSettings = {
				ALWAYS_SEARCH_USER_PATHS = NO;
				CLANG_ANALYZER_NONNULL = YES;
				CLANG_ANALYZER_NUMBER_OBJECT_CONVERSION = YES_AGGRESSIVE;
				CLANG_CXX_LANGUAGE_STANDARD = "gnu++17";
				CLANG_CXX_LIBRARY = "libc++";
				CLANG_ENABLE_MODULES = YES;
				CLANG_ENABLE_OBJC_ARC = YES;
				CLANG_ENABLE_OBJC_WEAK = YES;
				CLANG_WARN_BLOCK_CAPTURE_AUTORELEASING = YES;
				CLANG_WARN_BOOL_CONVERSION = YES;
				CLANG_WARN_COMMA = YES;
				CLANG_WARN_CONSTANT_CONVERSION = YES;
				CLANG_WARN_DEPRECATED_OBJC_IMPLEMENTATIONS = YES;
				CLANG_WARN_DIRECT_OBJC_ISA_USAGE = YES_ERROR;
				CLANG_WARN_DOCUMENTATION_COMMENTS = YES;
				CLANG_WARN_EMPTY_BODY = YES;
				CLANG_WARN_ENUM_CONVERSION = YES;
				CLANG_WARN_INFINITE_RECURSION = YES;
				CLANG_WARN_INT_CONVERSION = YES;
				CLANG_WARN_NON_LITERAL_NULL_CONVERSION = YES;
				CLANG_WARN_OBJC_IMPLICIT_RETAIN_SELF = YES;
				CLANG_WARN_OBJC_LITERAL_CONVERSION = YES;
				CLANG_WARN_OBJC_ROOT_CLASS = YES_ERROR;
				CLANG_WARN_QUOTED_INCLUDE_IN_FRAMEWORK_HEADER = YES;
				CLANG_WARN_RANGE_LOOP_ANALYSIS = YES;
				CLANG_WARN_STRICT_PROTOTYPES = YES;
				CLANG_WARN_SUSPICIOUS_MOVE = YES;
				CLANG_WARN_UNGUARDED_AVAILABILITY = YES_AGGRESSIVE;
				CLANG_WARN_UNREACHABLE_CODE = YES;
				CLANG_WARN__DUPLICATE_METHOD_MATCH = YES;
				COPY_PHASE_STRIP = NO;
				DEBUG_INFORMATION_FORMAT = dwarf;
				ENABLE_STRICT_OBJC_MSGSEND = YES;
				ENABLE_TESTABILITY = YES;
				GCC_C_LANGUAGE_STANDARD = gnu11;
				GCC_DYNAMIC_NO_PIC = NO;
				GCC_NO_COMMON_BLOCKS = YES;
				GCC_OPTIMIZATION_LEVEL = 0;
				GCC_PREPROCESSOR_DEFINITIONS = (
					"DEBUG=1",
					"$(inherited)",
				);
				GCC_WARN_64_TO_32_BIT_CONVERSION = YES;
				GCC_WARN_ABOUT_RETURN_TYPE = YES_ERROR;
				GCC_WARN_UNDECLARED_SELECTOR = YES;
				GCC_WARN_UNINITIALIZED_AUTOS = YES_AGGRESSIVE;
				GCC_WARN_UNUSED_FUNCTION = YES;
				GCC_WARN_UNUSED_VARIABLE = YES;
				IPHONEOS_DEPLOYMENT_TARGET = 15.0;
				MTL_ENABLE_DEBUG_INFO = INCLUDE_SOURCE;
				MTL_FAST_MATH = YES;
				ONLY_ACTIVE_ARCH = YES;
				SDKROOT = iphoneos;
				SWIFT_ACTIVE_COMPILATION_CONDITIONS = DEBUG;
				SWIFT_OPTIMIZATION_LEVEL = "-Onone";
			};
			name = Debug;
		};
		23E767EA273511650048EAD3 /* Release */ = {
			isa = XCBuildConfiguration;
			buildSettings = {
				ALWAYS_SEARCH_USER_PATHS = NO;
				CLANG_ANALYZER_NONNULL = YES;
				CLANG_ANALYZER_NUMBER_OBJECT_CONVERSION = YES_AGGRESSIVE;
				CLANG_CXX_LANGUAGE_STANDARD = "gnu++17";
				CLANG_CXX_LIBRARY = "libc++";
				CLANG_ENABLE_MODULES = YES;
				CLANG_ENABLE_OBJC_ARC = YES;
				CLANG_ENABLE_OBJC_WEAK = YES;
				CLANG_WARN_BLOCK_CAPTURE_AUTORELEASING = YES;
				CLANG_WARN_BOOL_CONVERSION = YES;
				CLANG_WARN_COMMA = YES;
				CLANG_WARN_CONSTANT_CONVERSION = YES;
				CLANG_WARN_DEPRECATED_OBJC_IMPLEMENTATIONS = YES;
				CLANG_WARN_DIRECT_OBJC_ISA_USAGE = YES_ERROR;
				CLANG_WARN_DOCUMENTATION_COMMENTS = YES;
				CLANG_WARN_EMPTY_BODY = YES;
				CLANG_WARN_ENUM_CONVERSION = YES;
				CLANG_WARN_INFINITE_RECURSION = YES;
				CLANG_WARN_INT_CONVERSION = YES;
				CLANG_WARN_NON_LITERAL_NULL_CONVERSION = YES;
				CLANG_WARN_OBJC_IMPLICIT_RETAIN_SELF = YES;
				CLANG_WARN_OBJC_LITERAL_CONVERSION = YES;
				CLANG_WARN_OBJC_ROOT_CLASS = YES_ERROR;
				CLANG_WARN_QUOTED_INCLUDE_IN_FRAMEWORK_HEADER = YES;
				CLANG_WARN_RANGE_LOOP_ANALYSIS = YES;
				CLANG_WARN_STRICT_PROTOTYPES = YES;
				CLANG_WARN_SUSPICIOUS_MOVE = YES;
				CLANG_WARN_UNGUARDED_AVAILABILITY = YES_AGGRESSIVE;
				CLANG_WARN_UNREACHABLE_CODE = YES;
				CLANG_WARN__DUPLICATE_METHOD_MATCH = YES;
				COPY_PHASE_STRIP = NO;
				DEBUG_INFORMATION_FORMAT = "dwarf-with-dsym";
				ENABLE_NS_ASSERTIONS = NO;
				ENABLE_STRICT_OBJC_MSGSEND = YES;
				GCC_C_LANGUAGE_STANDARD = gnu11;
				GCC_NO_COMMON_BLOCKS = YES;
				GCC_WARN_64_TO_32_BIT_CONVERSION = YES;
				GCC_WARN_ABOUT_RETURN_TYPE = YES_ERROR;
				GCC_WARN_UNDECLARED_SELECTOR = YES;
				GCC_WARN_UNINITIALIZED_AUTOS = YES_AGGRESSIVE;
				GCC_WARN_UNUSED_FUNCTION = YES;
				GCC_WARN_UNUSED_VARIABLE = YES;
				IPHONEOS_DEPLOYMENT_TARGET = 15.0;
				MTL_ENABLE_DEBUG_INFO = NO;
				MTL_FAST_MATH = YES;
				SDKROOT = iphoneos;
				SWIFT_COMPILATION_MODE = wholemodule;
				SWIFT_OPTIMIZATION_LEVEL = "-O";
				VALIDATE_PRODUCT = YES;
			};
			name = Release;
		};
		23E767EC273511650048EAD3 /* Debug */ = {
			isa = XCBuildConfiguration;
			buildSettings = {
				ASSETCATALOG_COMPILER_APPICON_NAME = AppIcon;
				ASSETCATALOG_COMPILER_GLOBAL_ACCENT_COLOR_NAME = AccentColor;
				CODE_SIGN_STYLE = Automatic;
				CURRENT_PROJECT_VERSION = 1;
				DEVELOPMENT_TEAM = E3YJLV8QZ3;
				GENERATE_INFOPLIST_FILE = YES;
				INFOPLIST_FILE = AppleMapsDirections/Info.plist;
				INFOPLIST_KEY_UIApplicationSupportsIndirectInputEvents = YES;
				INFOPLIST_KEY_UILaunchStoryboardName = LaunchScreen;
				INFOPLIST_KEY_UIMainStoryboardFile = Main;
				INFOPLIST_KEY_UISupportedInterfaceOrientations_iPad = "UIInterfaceOrientationPortrait UIInterfaceOrientationPortraitUpsideDown UIInterfaceOrientationLandscapeLeft UIInterfaceOrientationLandscapeRight";
				INFOPLIST_KEY_UISupportedInterfaceOrientations_iPhone = "UIInterfaceOrientationPortrait UIInterfaceOrientationLandscapeLeft UIInterfaceOrientationLandscapeRight";
				LD_RUNPATH_SEARCH_PATHS = (
					"$(inherited)",
					"@executable_path/Frameworks",
				);
				MARKETING_VERSION = 1.0;
				PRODUCT_BUNDLE_IDENTIFIER = com.theoriginalbit.AppleMapsDirections;
				PRODUCT_NAME = "$(TARGET_NAME)";
				SWIFT_EMIT_LOC_STRINGS = YES;
				SWIFT_VERSION = 5.0;
				TARGETED_DEVICE_FAMILY = "1,2";
			};
			name = Debug;
		};
		23E767ED273511650048EAD3 /* Release */ = {
			isa = XCBuildConfiguration;
			buildSettings = {
				ASSETCATALOG_COMPILER_APPICON_NAME = AppIcon;
				ASSETCATALOG_COMPILER_GLOBAL_ACCENT_COLOR_NAME = AccentColor;
				CODE_SIGN_STYLE = Automatic;
				CURRENT_PROJECT_VERSION = 1;
				DEVELOPMENT_TEAM = E3YJLV8QZ3;
				GENERATE_INFOPLIST_FILE = YES;
				INFOPLIST_FILE = AppleMapsDirections/Info.plist;
				INFOPLIST_KEY_UIApplicationSupportsIndirectInputEvents = YES;
				INFOPLIST_KEY_UILaunchStoryboardName = LaunchScreen;
				INFOPLIST_KEY_UIMainStoryboardFile = Main;
				INFOPLIST_KEY_UISupportedInterfaceOrientations_iPad = "UIInterfaceOrientationPortrait UIInterfaceOrientationPortraitUpsideDown UIInterfaceOrientationLandscapeLeft UIInterfaceOrientationLandscapeRight";
				INFOPLIST_KEY_UISupportedInterfaceOrientations_iPhone = "UIInterfaceOrientationPortrait UIInterfaceOrientationLandscapeLeft UIInterfaceOrientationLandscapeRight";
				LD_RUNPATH_SEARCH_PATHS = (
					"$(inherited)",
					"@executable_path/Frameworks",
				);
				MARKETING_VERSION = 1.0;
				PRODUCT_BUNDLE_IDENTIFIER = com.theoriginalbit.AppleMapsDirections;
				PRODUCT_NAME = "$(TARGET_NAME)";
				SWIFT_EMIT_LOC_STRINGS = YES;
				SWIFT_VERSION = 5.0;
				TARGETED_DEVICE_FAMILY = "1,2";
			};
			name = Release;
		};
		23E767EF273511650048EAD3 /* Debug */ = {
			isa = XCBuildConfiguration;
			buildSettings = {
				ALWAYS_EMBED_SWIFT_STANDARD_LIBRARIES = YES;
				BUNDLE_LOADER = "$(TEST_HOST)";
				CODE_SIGN_STYLE = Automatic;
				CURRENT_PROJECT_VERSION = 1;
				DEVELOPMENT_TEAM = E3YJLV8QZ3;
				GENERATE_INFOPLIST_FILE = YES;
				IPHONEOS_DEPLOYMENT_TARGET = 15.0;
				LD_RUNPATH_SEARCH_PATHS = (
					"$(inherited)",
					"@executable_path/Frameworks",
					"@loader_path/Frameworks",
				);
				MARKETING_VERSION = 1.0;
				PRODUCT_BUNDLE_IDENTIFIER = com.theoriginalbit.AppleMapsDirectionsTests;
				PRODUCT_NAME = "$(TARGET_NAME)";
				SWIFT_EMIT_LOC_STRINGS = NO;
				SWIFT_VERSION = 5.0;
				TARGETED_DEVICE_FAMILY = "1,2";
				TEST_HOST = "$(BUILT_PRODUCTS_DIR)/AppleMapsDirections.app/AppleMapsDirections";
			};
			name = Debug;
		};
		23E767F0273511650048EAD3 /* Release */ = {
			isa = XCBuildConfiguration;
			buildSettings = {
				ALWAYS_EMBED_SWIFT_STANDARD_LIBRARIES = YES;
				BUNDLE_LOADER = "$(TEST_HOST)";
				CODE_SIGN_STYLE = Automatic;
				CURRENT_PROJECT_VERSION = 1;
				DEVELOPMENT_TEAM = E3YJLV8QZ3;
				GENERATE_INFOPLIST_FILE = YES;
				IPHONEOS_DEPLOYMENT_TARGET = 15.0;
				LD_RUNPATH_SEARCH_PATHS = (
					"$(inherited)",
					"@executable_path/Frameworks",
					"@loader_path/Frameworks",
				);
				MARKETING_VERSION = 1.0;
				PRODUCT_BUNDLE_IDENTIFIER = com.theoriginalbit.AppleMapsDirectionsTests;
				PRODUCT_NAME = "$(TARGET_NAME)";
				SWIFT_EMIT_LOC_STRINGS = NO;
				SWIFT_VERSION = 5.0;
				TARGETED_DEVICE_FAMILY = "1,2";
				TEST_HOST = "$(BUILT_PRODUCTS_DIR)/AppleMapsDirections.app/AppleMapsDirections";
			};
			name = Release;
		};
		23E767F2273511650048EAD3 /* Debug */ = {
			isa = XCBuildConfiguration;
			buildSettings = {
				ALWAYS_EMBED_SWIFT_STANDARD_LIBRARIES = YES;
				CODE_SIGN_STYLE = Automatic;
				CURRENT_PROJECT_VERSION = 1;
				DEVELOPMENT_TEAM = E3YJLV8QZ3;
				GENERATE_INFOPLIST_FILE = YES;
				LD_RUNPATH_SEARCH_PATHS = (
					"$(inherited)",
					"@executable_path/Frameworks",
					"@loader_path/Frameworks",
				);
				MARKETING_VERSION = 1.0;
				PRODUCT_BUNDLE_IDENTIFIER = com.theoriginalbit.AppleMapsDirectionsUITests;
				PRODUCT_NAME = "$(TARGET_NAME)";
				SWIFT_EMIT_LOC_STRINGS = NO;
				SWIFT_VERSION = 5.0;
				TARGETED_DEVICE_FAMILY = "1,2";
				TEST_TARGET_NAME = AppleMapsDirections;
			};
			name = Debug;
		};
		23E767F3273511650048EAD3 /* Release */ = {
			isa = XCBuildConfiguration;
			buildSettings = {
				ALWAYS_EMBED_SWIFT_STANDARD_LIBRARIES = YES;
				CODE_SIGN_STYLE = Automatic;
				CURRENT_PROJECT_VERSION = 1;
				DEVELOPMENT_TEAM = E3YJLV8QZ3;
				GENERATE_INFOPLIST_FILE = YES;
				LD_RUNPATH_SEARCH_PATHS = (
					"$(inherited)",
					"@executable_path/Frameworks",
					"@loader_path/Frameworks",
				);
				MARKETING_VERSION = 1.0;
				PRODUCT_BUNDLE_IDENTIFIER = com.theoriginalbit.AppleMapsDirectionsUITests;
				PRODUCT_NAME = "$(TARGET_NAME)";
				SWIFT_EMIT_LOC_STRINGS = NO;
				SWIFT_VERSION = 5.0;
				TARGETED_DEVICE_FAMILY = "1,2";
				TEST_TARGET_NAME = AppleMapsDirections;
			};
			name = Release;
		};
/* End XCBuildConfiguration section */

/* Begin XCConfigurationList section */
		23E767BC273511630048EAD3 /* Build configuration list for PBXProject "AppleMapsDirections" */ = {
			isa = XCConfigurationList;
			buildConfigurations = (
				23E767E9273511650048EAD3 /* Debug */,
				23E767EA273511650048EAD3 /* Release */,
			);
			defaultConfigurationIsVisible = 0;
			defaultConfigurationName = Release;
		};
		23E767EB273511650048EAD3 /* Build configuration list for PBXNativeTarget "AppleMapsDirections" */ = {
			isa = XCConfigurationList;
			buildConfigurations = (
				23E767EC273511650048EAD3 /* Debug */,
				23E767ED273511650048EAD3 /* Release */,
			);
			defaultConfigurationIsVisible = 0;
			defaultConfigurationName = Release;
		};
		23E767EE273511650048EAD3 /* Build configuration list for PBXNativeTarget "AppleMapsDirectionsTests" */ = {
			isa = XCConfigurationList;
			buildConfigurations = (
				23E767EF273511650048EAD3 /* Debug */,
				23E767F0273511650048EAD3 /* Release */,
			);
			defaultConfigurationIsVisible = 0;
			defaultConfigurationName = Release;
		};
		23E767F1273511650048EAD3 /* Build configuration list for PBXNativeTarget "AppleMapsDirectionsUITests" */ = {
			isa = XCConfigurationList;
			buildConfigurations = (
				23E767F2273511650048EAD3 /* Debug */,
				23E767F3273511650048EAD3 /* Release */,
			);
			defaultConfigurationIsVisible = 0;
			defaultConfigurationName = Release;
		};
/* End XCConfigurationList section */
	};
	rootObject = 23E767B9273511630048EAD3 /* Project object */;
}
