// !$*UTF8*$!
{
	archiveVersion = 1;
	classes = {
	};
	objectVersion = 50;
	objects = {

/* Begin PBXBuildFile section */
		232FFC7125FA394E006E9760 /* AppDelegate.swift in Sources */ = {isa = PBXBuildFile; fileRef = 232FFC7025FA394E006E9760 /* AppDelegate.swift */; };
		232FFC7325FA394E006E9760 /* SceneDelegate.swift in Sources */ = {isa = PBXBuildFile; fileRef = 232FFC7225FA394E006E9760 /* SceneDelegate.swift */; };
		232FFC7525FA394E006E9760 /* ViewController.swift in Sources */ = {isa = PBXBuildFile; fileRef = 232FFC7425FA394E006E9760 /* ViewController.swift */; };
		232FFC7825FA394E006E9760 /* Main.storyboard in Resources */ = {isa = PBXBuildFile; fileRef = 232FFC7625FA394E006E9760 /* Main.storyboard */; };
		232FFC7A25FA3950006E9760 /* Assets.xcassets in Resources */ = {isa = PBXBuildFile; fileRef = 232FFC7925FA3950006E9760 /* Assets.xcassets */; };
		232FFC7D25FA3950006E9760 /* LaunchScreen.storyboard in Resources */ = {isa = PBXBuildFile; fileRef = 232FFC7B25FA3950006E9760 /* LaunchScreen.storyboard */; };
		232FFC8925FA4C3A006E9760 /* FixedAlwaysStandardAppearanceTableViewController.swift in Sources */ = {isa = PBXBuildFile; fileRef = 232FFC8825FA4C3A006E9760 /* FixedAlwaysStandardAppearanceTableViewController.swift */; };
		23A0CC03260179AD008C0782 /* CustomAppearanceTableViewController.swift in Sources */ = {isa = PBXBuildFile; fileRef = 23A0CC02260179AD008C0782 /* CustomAppearanceTableViewController.swift */; };
/* End PBXBuildFile section */

/* Begin PBXFileReference section */
		232FFC6D25FA394E006E9760 /* ScrollEdgeAppearance.app */ = {isa = PBXFileReference; explicitFileType = wrapper.application; includeInIndex = 0; path = ScrollEdgeAppearance.app; sourceTree = BUILT_PRODUCTS_DIR; };
		232FFC7025FA394E006E9760 /* AppDelegate.swift */ = {isa = PBXFileReference; lastKnownFileType = sourcecode.swift; path = AppDelegate.swift; sourceTree = "<group>"; };
		232FFC7225FA394E006E9760 /* SceneDelegate.swift */ = {isa = PBXFileReference; lastKnownFileType = sourcecode.swift; path = SceneDelegate.swift; sourceTree = "<group>"; };
		232FFC7425FA394E006E9760 /* ViewController.swift */ = {isa = PBXFileReference; lastKnownFileType = sourcecode.swift; path = ViewController.swift; sourceTree = "<group>"; };
		232FFC7725FA394E006E9760 /* Base */ = {isa = PBXFileReference; lastKnownFileType = file.storyboard; name = Base; path = Base.lproj/Main.storyboard; sourceTree = "<group>"; };
		232FFC7925FA3950006E9760 /* Assets.xcassets */ = {isa = PBXFileReference; lastKnownFileType = folder.assetcatalog; path = Assets.xcassets; sourceTree = "<group>"; };
		232FFC7C25FA3950006E9760 /* Base */ = {isa = PBXFileReference; lastKnownFileType = file.storyboard; name = Base; path = Base.lproj/LaunchScreen.storyboard; sourceTree = "<group>"; };
		232FFC7E25FA3950006E9760 /* Info.plist */ = {isa = PBXFileReference; lastKnownFileType = text.plist.xml; path = Info.plist; sourceTree = "<group>"; };
		232FFC8825FA4C3A006E9760 /* FixedAlwaysStandardAppearanceTableViewController.swift */ = {isa = PBXFileReference; lastKnownFileType = sourcecode.swift; path = FixedAlwaysStandardAppearanceTableViewController.swift; sourceTree = "<group>"; };
		23A0CC02260179AD008C0782 /* CustomAppearanceTableViewController.swift */ = {isa = PBXFileReference; lastKnownFileType = sourcecode.swift; path = CustomAppearanceTableViewController.swift; sourceTree = "<group>"; };
/* End PBXFileReference section */

/* Begin PBXFrameworksBuildPhase section */
		232FFC6A25FA394E006E9760 /* Frameworks */ = {
			isa = PBXFrameworksBuildPhase;
			buildActionMask = 2147483647;
			files = (
			);
			runOnlyForDeploymentPostprocessing = 0;
		};
/* End PBXFrameworksBuildPhase section */

/* Begin PBXGroup section */
		232FFC6425FA394E006E9760 = {
			isa = PBXGroup;
			children = (
				232FFC6F25FA394E006E9760 /* ScrollEdgeAppearance */,
				232FFC6E25FA394E006E9760 /* Products */,
			);
			sourceTree = "<group>";
		};
		232FFC6E25FA394E006E9760 /* Products */ = {
			isa = PBXGroup;
			children = (
				232FFC6D25FA394E006E9760 /* ScrollEdgeAppearance.app */,
			);
			name = Products;
			sourceTree = "<group>";
		};
		232FFC6F25FA394E006E9760 /* ScrollEdgeAppearance */ = {
			isa = PBXGroup;
			children = (
				232FFC8825FA4C3A006E9760 /* FixedAlwaysStandardAppearanceTableViewController.swift */,
				23A0CC02260179AD008C0782 /* CustomAppearanceTableViewController.swift */,
				232FFC7625FA394E006E9760 /* Main.storyboard */,
				232FFC8525FA4C03006E9760 /* Supporting Files */,
			);
			path = ScrollEdgeAppearance;
			sourceTree = "<group>";
		};
		232FFC8525FA4C03006E9760 /* Supporting Files */ = {
			isa = PBXGroup;
			children = (
				232FFC7025FA394E006E9760 /* AppDelegate.swift */,
				232FFC7225FA394E006E9760 /* SceneDelegate.swift */,
				232FFC7425FA394E006E9760 /* ViewController.swift */,
				232FFC7925FA3950006E9760 /* Assets.xcassets */,
				232FFC7B25FA3950006E9760 /* LaunchScreen.storyboard */,
				232FFC7E25FA3950006E9760 /* Info.plist */,
			);
			name = "Supporting Files";
			sourceTree = "<group>";
		};
/* End PBXGroup section */

/* Begin PBXNativeTarget section */
		232FFC6C25FA394E006E9760 /* ScrollEdgeAppearance */ = {
			isa = PBXNativeTarget;
			buildConfigurationList = 232FFC8125FA3950006E9760 /* Build configuration list for PBXNativeTarget "ScrollEdgeAppearance" */;
			buildPhases = (
				232FFC6925FA394E006E9760 /* Sources */,
				232FFC6A25FA394E006E9760 /* Frameworks */,
				232FFC6B25FA394E006E9760 /* Resources */,
			);
			buildRules = (
			);
			dependencies = (
			);
			name = ScrollEdgeAppearance;
			productName = ScrollEdgeAppearance;
			productReference = 232FFC6D25FA394E006E9760 /* ScrollEdgeAppearance.app */;
			productType = "com.apple.product-type.application";
		};
/* End PBXNativeTarget section */

/* Begin PBXProject section */
		232FFC6525FA394E006E9760 /* Project object */ = {
			isa = PBXProject;
			attributes = {
				LastSwiftUpdateCheck = 1250;
				LastUpgradeCheck = 1250;
				TargetAttributes = {
					232FFC6C25FA394E006E9760 = {
						CreatedOnToolsVersion = 12.5;
					};
				};
			};
			buildConfigurationList = 232FFC6825FA394E006E9760 /* Build configuration list for PBXProject "ScrollEdgeAppearance" */;
			compatibilityVersion = "Xcode 9.3";
			developmentRegion = en;
			hasScannedForEncodings = 0;
			knownRegions = (
				en,
				Base,
			);
			mainGroup = 232FFC6425FA394E006E9760;
			productRefGroup = 232FFC6E25FA394E006E9760 /* Products */;
			projectDirPath = "";
			projectRoot = "";
			targets = (
				232FFC6C25FA394E006E9760 /* ScrollEdgeAppearance */,
			);
		};
/* End PBXProject section */

/* Begin PBXResourcesBuildPhase section */
		232FFC6B25FA394E006E9760 /* Resources */ = {
			isa = PBXResourcesBuildPhase;
			buildActionMask = 2147483647;
			files = (
				232FFC7D25FA3950006E9760 /* LaunchScreen.storyboard in Resources */,
				232FFC7A25FA3950006E9760 /* Assets.xcassets in Resources */,
				232FFC7825FA394E006E9760 /* Main.storyboard in Resources */,
			);
			runOnlyForDeploymentPostprocessing = 0;
		};
/* End PBXResourcesBuildPhase section */

/* Begin PBXSourcesBuildPhase section */
		232FFC6925FA394E006E9760 /* Sources */ = {
			isa = PBXSourcesBuildPhase;
			buildActionMask = 2147483647;
			files = (
				232FFC7525FA394E006E9760 /* ViewController.swift in Sources */,
				23A0CC03260179AD008C0782 /* CustomAppearanceTableViewController.swift in Sources */,
				232FFC7125FA394E006E9760 /* AppDelegate.swift in Sources */,
				232FFC8925FA4C3A006E9760 /* FixedAlwaysStandardAppearanceTableViewController.swift in Sources */,
				232FFC7325FA394E006E9760 /* SceneDelegate.swift in Sources */,
			);
			runOnlyForDeploymentPostprocessing = 0;
		};
/* End PBXSourcesBuildPhase section */

/* Begin PBXVariantGroup section */
		232FFC7625FA394E006E9760 /* Main.storyboard */ = {
			isa = PBXVariantGroup;
			children = (
				232FFC7725FA394E006E9760 /* Base */,
			);
			name = Main.storyboard;
			sourceTree = "<group>";
		};
		232FFC7B25FA3950006E9760 /* LaunchScreen.storyboard */ = {
			isa = PBXVariantGroup;
			children = (
				232FFC7C25FA3950006E9760 /* Base */,
			);
			name = LaunchScreen.storyboard;
			sourceTree = "<group>";
		};
/* End PBXVariantGroup section */

/* Begin XCBuildConfiguration section */
		232FFC7F25FA3950006E9760 /* Debug */ = {
			isa = XCBuildConfiguration;
			buildSettings = {
				ALWAYS_SEARCH_USER_PATHS = NO;
				CLANG_ANALYZER_NONNULL = YES;
				CLANG_ANALYZER_NUMBER_OBJECT_CONVERSION = YES_AGGRESSIVE;
				CLANG_CXX_LANGUAGE_STANDARD = "gnu++14";
				CLANG_CXX_LIBRARY = "libc++";
				CLANG_ENABLE_MODULES = YES;
				CLANG_ENABLE_OBJC_ARC = YES;
				CLANG_ENABLE_OBJC_WEAK = YES;
				CLANG_WARN_BLOCK_CAPTURE_AUTORELEASING = YES;
				CLANG_WARN_BOOL_CONVERSION = YES;
				CLANG_WARN_COMMA = YES;
				CLANG_WARN_CONSTANT_CONVERSION = YES;
				CLANG_WARN_DEPRECATED_OBJC_IMPLEMENTATIONS = YES;
				CLANG_WARN_DIRECT_OBJC_ISA_USAGE = YES_ERROR;
				CLANG_WARN_DOCUMENTATION_COMMENTS = YES;
				CLANG_WARN_EMPTY_BODY = YES;
				CLANG_WARN_ENUM_CONVERSION = YES;
				CLANG_WARN_INFINITE_RECURSION = YES;
				CLANG_WARN_INT_CONVERSION = YES;
				CLANG_WARN_NON_LITERAL_NULL_CONVERSION = YES;
				CLANG_WARN_OBJC_IMPLICIT_RETAIN_SELF = YES;
				CLANG_WARN_OBJC_LITERAL_CONVERSION = YES;
				CLANG_WARN_OBJC_ROOT_CLASS = YES_ERROR;
				CLANG_WARN_QUOTED_INCLUDE_IN_FRAMEWORK_HEADER = YES;
				CLANG_WARN_RANGE_LOOP_ANALYSIS = YES;
				CLANG_WARN_STRICT_PROTOTYPES = YES;
				CLANG_WARN_SUSPICIOUS_MOVE = YES;
				CLANG_WARN_UNGUARDED_AVAILABILITY = YES_AGGRESSIVE;
				CLANG_WARN_UNREACHABLE_CODE = YES;
				CLANG_WARN__DUPLICATE_METHOD_MATCH = YES;
				COPY_PHASE_STRIP = NO;
				DEBUG_INFORMATION_FORMAT = dwarf;
				ENABLE_STRICT_OBJC_MSGSEND = YES;
				ENABLE_TESTABILITY = YES;
				GCC_C_LANGUAGE_STANDARD = gnu11;
				GCC_DYNAMIC_NO_PIC = NO;
				GCC_NO_COMMON_BLOCKS = YES;
				GCC_OPTIMIZATION_LEVEL = 0;
				GCC_PREPROCESSOR_DEFINITIONS = (
					"DEBUG=1",
					"$(inherited)",
				);
				GCC_WARN_64_TO_32_BIT_CONVERSION = YES;
				GCC_WARN_ABOUT_RETURN_TYPE = YES_ERROR;
				GCC_WARN_UNDECLARED_SELECTOR = YES;
				GCC_WARN_UNINITIALIZED_AUTOS = YES_AGGRESSIVE;
				GCC_WARN_UNUSED_FUNCTION = YES;
				GCC_WARN_UNUSED_VARIABLE = YES;
				IPHONEOS_DEPLOYMENT_TARGET = 14.5;
				MTL_ENABLE_DEBUG_INFO = INCLUDE_SOURCE;
				MTL_FAST_MATH = YES;
				ONLY_ACTIVE_ARCH = YES;
				SDKROOT = iphoneos;
				SWIFT_ACTIVE_COMPILATION_CONDITIONS = DEBUG;
				SWIFT_OPTIMIZATION_LEVEL = "-Onone";
			};
			name = Debug;
		};
		232FFC8025FA3950006E9760 /* Release */ = {
			isa = XCBuildConfiguration;
			buildSettings = {
				ALWAYS_SEARCH_USER_PATHS = NO;
				CLANG_ANALYZER_NONNULL = YES;
				CLANG_ANALYZER_NUMBER_OBJECT_CONVERSION = YES_AGGRESSIVE;
				CLANG_CXX_LANGUAGE_STANDARD = "gnu++14";
				CLANG_CXX_LIBRARY = "libc++";
				CLANG_ENABLE_MODULES = YES;
				CLANG_ENABLE_OBJC_ARC = YES;
				CLANG_ENABLE_OBJC_WEAK = YES;
				CLANG_WARN_BLOCK_CAPTURE_AUTORELEASING = YES;
				CLANG_WARN_BOOL_CONVERSION = YES;
				CLANG_WARN_COMMA = YES;
				CLANG_WARN_CONSTANT_CONVERSION = YES;
				CLANG_WARN_DEPRECATED_OBJC_IMPLEMENTATIONS = YES;
				CLANG_WARN_DIRECT_OBJC_ISA_USAGE = YES_ERROR;
				CLANG_WARN_DOCUMENTATION_COMMENTS = YES;
				CLANG_WARN_EMPTY_BODY = YES;
				CLANG_WARN_ENUM_CONVERSION = YES;
				CLANG_WARN_INFINITE_RECURSION = YES;
				CLANG_WARN_INT_CONVERSION = YES;
				CLANG_WARN_NON_LITERAL_NULL_CONVERSION = YES;
				CLANG_WARN_OBJC_IMPLICIT_RETAIN_SELF = YES;
				CLANG_WARN_OBJC_LITERAL_CONVERSION = YES;
				CLANG_WARN_OBJC_ROOT_CLASS = YES_ERROR;
				CLANG_WARN_QUOTED_INCLUDE_IN_FRAMEWORK_HEADER = YES;
				CLANG_WARN_RANGE_LOOP_ANALYSIS = YES;
				CLANG_WARN_STRICT_PROTOTYPES = YES;
				CLANG_WARN_SUSPICIOUS_MOVE = YES;
				CLANG_WARN_UNGUARDED_AVAILABILITY = YES_AGGRESSIVE;
				CLANG_WARN_UNREACHABLE_CODE = YES;
				CLANG_WARN__DUPLICATE_METHOD_MATCH = YES;
				COPY_PHASE_STRIP = NO;
				DEBUG_INFORMATION_FORMAT = "dwarf-with-dsym";
				ENABLE_NS_ASSERTIONS = NO;
				ENABLE_STRICT_OBJC_MSGSEND = YES;
				GCC_C_LANGUAGE_STANDARD = gnu11;
				GCC_NO_COMMON_BLOCKS = YES;
				GCC_WARN_64_TO_32_BIT_CONVERSION = YES;
				GCC_WARN_ABOUT_RETURN_TYPE = YES_ERROR;
				GCC_WARN_UNDECLARED_SELECTOR = YES;
				GCC_WARN_UNINITIALIZED_AUTOS = YES_AGGRESSIVE;
				GCC_WARN_UNUSED_FUNCTION = YES;
				GCC_WARN_UNUSED_VARIABLE = YES;
				IPHONEOS_DEPLOYMENT_TARGET = 14.5;
				MTL_ENABLE_DEBUG_INFO = NO;
				MTL_FAST_MATH = YES;
				SDKROOT = iphoneos;
				SWIFT_COMPILATION_MODE = wholemodule;
				SWIFT_OPTIMIZATION_LEVEL = "-O";
				VALIDATE_PRODUCT = YES;
			};
			name = Release;
		};
		232FFC8225FA3950006E9760 /* Debug */ = {
			isa = XCBuildConfiguration;
			buildSettings = {
				ASSETCATALOG_COMPILER_APPICON_NAME = AppIcon;
				ASSETCATALOG_COMPILER_GLOBAL_ACCENT_COLOR_NAME = AccentColor;
				CODE_SIGN_STYLE = Automatic;
				INFOPLIST_FILE = ScrollEdgeAppearance/Info.plist;
				LD_RUNPATH_SEARCH_PATHS = (
					"$(inherited)",
					"@executable_path/Frameworks",
				);
				PRODUCT_BUNDLE_IDENTIFIER = ai.a2i2.ScrollEdgeAppearance;
				PRODUCT_NAME = "$(TARGET_NAME)";
				SWIFT_VERSION = 5.0;
				TARGETED_DEVICE_FAMILY = "1,2";
			};
			name = Debug;
		};
		232FFC8325FA3950006E9760 /* Release */ = {
			isa = XCBuildConfiguration;
			buildSettings = {
				ASSETCATALOG_COMPILER_APPICON_NAME = AppIcon;
				ASSETCATALOG_COMPILER_GLOBAL_ACCENT_COLOR_NAME = AccentColor;
				CODE_SIGN_STYLE = Automatic;
				INFOPLIST_FILE = ScrollEdgeAppearance/Info.plist;
				LD_RUNPATH_SEARCH_PATHS = (
					"$(inherited)",
					"@executable_path/Frameworks",
				);
				PRODUCT_BUNDLE_IDENTIFIER = ai.a2i2.ScrollEdgeAppearance;
				PRODUCT_NAME = "$(TARGET_NAME)";
				SWIFT_VERSION = 5.0;
				TARGETED_DEVICE_FAMILY = "1,2";
			};
			name = Release;
		};
/* End XCBuildConfiguration section */

/* Begin XCConfigurationList section */
		232FFC6825FA394E006E9760 /* Build configuration list for PBXProject "ScrollEdgeAppearance" */ = {
			isa = XCConfigurationList;
			buildConfigurations = (
				232FFC7F25FA3950006E9760 /* Debug */,
				232FFC8025FA3950006E9760 /* Release */,
			);
			defaultConfigurationIsVisible = 0;
			defaultConfigurationName = Release;
		};
		232FFC8125FA3950006E9760 /* Build configuration list for PBXNativeTarget "ScrollEdgeAppearance" */ = {
			isa = XCConfigurationList;
			buildConfigurations = (
				232FFC8225FA3950006E9760 /* Debug */,
				232FFC8325FA3950006E9760 /* Release */,
			);
			defaultConfigurationIsVisible = 0;
			defaultConfigurationName = Release;
		};
/* End XCConfigurationList section */
	};
	rootObject = 232FFC6525FA394E006E9760 /* Project object */;
}
